github.com/PlayerR9/go-errors v0.1.2 h1:CqaS+uq/EqPJMMxv8CjVCJoBWW6sb+H+Cnc/2+7Nfog=
github.com/PlayerR9/go-errors v0.1.2/go.mod h1:2VwKJC6VmrxsPABDs5MV6W1zEz5mxuHFb11hc6WKkBI=
github.com/PlayerR9/go-sets v0.1.0 h1:wdvHYCoAnVpLcdnr1u7Ehzk4cXqoeL4u8MnwCxEs1J8=
github.com/PlayerR9/go-sets v0.1.0/go.mod h1:xmc/P+AhdGdjt6TdQO/J/fWmmetK8Y/egLrX5cfAZLY=
github.com/dustin/go-humanize v1.0.1 h1:GzkhY7T5VNhEkwH0PVJgjz+fX1rhBrR7pRT3mDkpeCY=
github.com/dustin/go-humanize v1.0.1/go.mod h1:Mu1zIs6XwVuF/gI1OepvI0qD18qycQx+mFykh5fBlto=
